
Microsoft Visual Studio Solution File, Format Version 12.00
# Visual Studio Version 16
VisualStudioVersion = 16.0.32802.440
MinimumVisualStudioVersion = 10.0.40219.1
Project("{9A19103F-16F7-4668-BE54-9A1E7A4F7556}") = "CleanArchMvc.Domain", "CleanArchMvc.Domain\CleanArchMvc.Domain.csproj", "{4A3B104E-BFB1-4ACC-90CE-BDBDBCBB5B4E}"
EndProject
Project("{9A19103F-16F7-4668-BE54-9A1E7A4F7556}") = "CleanArchMvc.Application", "CleanArchMvc.Application\CleanArchMvc.Application.csproj", "{9C66133C-09C5-427F-A895-1B7ED568BD14}"
EndProject
Project("{9A19103F-16F7-4668-BE54-9A1E7A4F7556}") = "CleanArchMvc.Infra.Data", "CleanArchMvc.Infra.Data\CleanArchMvc.Infra.Data.csproj", "{4BB674E9-4655-4805-B9A2-C8625C77EBB5}"
EndProject
Project("{9A19103F-16F7-4668-BE54-9A1E7A4F7556}") = "CleanArchMvc.Infra.IoC", "CleanArchMvc.Infra.IoC\CleanArchMvc.Infra.IoC.csproj", "{48382DE4-9EED-467C-B0E6-BBF7EB1D4599}"
EndProject
Project("{9A19103F-16F7-4668-BE54-9A1E7A4F7556}") = "CleanArchMvc.WebUI", "CleanArchMvc.WebUI\CleanArchMvc.WebUI.csproj", "{59021CA6-2CAD-4C17-8856-BEAD3BB97F06}"
EndProject
Project("{9A19103F-16F7-4668-BE54-9A1E7A4F7556}") = "CleanArchMvc.Domain.Tests", "CleanArchMvc.Domain.Tests\CleanArchMvc.Domain.Tests.csproj", "{0EBE314B-8BC5-4FBC-8955-5A63D7CED989}"
EndProject
Project("{FAE04EC0-301F-11D3-BF4B-00C04F79EFBC}") = "CleanArcgMvc.API", "CleanArcgMvc.API\CleanArcgMvc.API.csproj", "{B7493396-AA99-4DB9-914B-085B384B31D5}"
EndProject
Global
	GlobalSection(SolutionConfigurationPlatforms) = preSolution
		Debug|Any CPU = Debug|Any CPU
		Release|Any CPU = Release|Any CPU
	EndGlobalSection
	GlobalSection(ProjectConfigurationPlatforms) = postSolution
		{4A3B104E-BFB1-4ACC-90CE-BDBDBCBB5B4E}.Debug|Any CPU.ActiveCfg = Debug|Any CPU
		{4A3B104E-BFB1-4ACC-90CE-BDBDBCBB5B4E}.Debug|Any CPU.Build.0 = Debug|Any CPU
		{4A3B104E-BFB1-4ACC-90CE-BDBDBCBB5B4E}.Release|Any CPU.ActiveCfg = Release|Any CPU
		{4A3B104E-BFB1-4ACC-90CE-BDBDBCBB5B4E}.Release|Any CPU.Build.0 = Release|Any CPU
		{9C66133C-09C5-427F-A895-1B7ED568BD14}.Debug|Any CPU.ActiveCfg = Debug|Any CPU
		{9C66133C-09C5-427F-A895-1B7ED568BD14}.Debug|Any CPU.Build.0 = Debug|Any CPU
		{9C66133C-09C5-427F-A895-1B7ED568BD14}.Release|Any CPU.ActiveCfg = Release|Any CPU
		{9C66133C-09C5-427F-A895-1B7ED568BD14}.Release|Any CPU.Build.0 = Release|Any CPU
		{4BB674E9-4655-4805-B9A2-C8625C77EBB5}.Debug|Any CPU.ActiveCfg = Debug|Any CPU
		{4BB674E9-4655-4805-B9A2-C8625C77EBB5}.Debug|Any CPU.Build.0 = Debug|Any CPU
		{4BB674E9-4655-4805-B9A2-C8625C77EBB5}.Release|Any CPU.ActiveCfg = Release|Any CPU
		{4BB674E9-4655-4805-B9A2-C8625C77EBB5}.Release|Any CPU.Build.0 = Release|Any CPU
		{48382DE4-9EED-467C-B0E6-BBF7EB1D4599}.Debug|Any CPU.ActiveCfg = Debug|Any CPU
		{48382DE4-9EED-467C-B0E6-BBF7EB1D4599}.Debug|Any CPU.Build.0 = Debug|Any CPU
		{48382DE4-9EED-467C-B0E6-BBF7EB1D4599}.Release|Any CPU.ActiveCfg = Release|Any CPU
		{48382DE4-9EED-467C-B0E6-BBF7EB1D4599}.Release|Any CPU.Build.0 = Release|Any CPU
		{59021CA6-2CAD-4C17-8856-BEAD3BB97F06}.Debug|Any CPU.ActiveCfg = Debug|Any CPU
		{59021CA6-2CAD-4C17-8856-BEAD3BB97F06}.Debug|Any CPU.Build.0 = Debug|Any CPU
		{59021CA6-2CAD-4C17-8856-BEAD3BB97F06}.Release|Any CPU.ActiveCfg = Release|Any CPU
		{59021CA6-2CAD-4C17-8856-BEAD3BB97F06}.Release|Any CPU.Build.0 = Release|Any CPU
		{0EBE314B-8BC5-4FBC-8955-5A63D7CED989}.Debug|Any CPU.ActiveCfg = Debug|Any CPU
		{0EBE314B-8BC5-4FBC-8955-5A63D7CED989}.Debug|Any CPU.Build.0 = Debug|Any CPU
		{0EBE314B-8BC5-4FBC-8955-5A63D7CED989}.Release|Any CPU.ActiveCfg = Release|Any CPU
		{0EBE314B-8BC5-4FBC-8955-5A63D7CED989}.Release|Any CPU.Build.0 = Release|Any CPU
		{B7493396-AA99-4DB9-914B-085B384B31D5}.Debug|Any CPU.ActiveCfg = Debug|Any CPU
		{B7493396-AA99-4DB9-914B-085B384B31D5}.Debug|Any CPU.Build.0 = Debug|Any CPU
		{B7493396-AA99-4DB9-914B-085B384B31D5}.Release|Any CPU.ActiveCfg = Release|Any CPU
		{B7493396-AA99-4DB9-914B-085B384B31D5}.Release|Any CPU.Build.0 = Release|Any CPU
	EndGlobalSection
	GlobalSection(SolutionProperties) = preSolution
		HideSolutionNode = FALSE
	EndGlobalSection
	GlobalSection(ExtensibilityGlobals) = postSolution
		SolutionGuid = {C4C5152D-BD01-4728-8ADB-DF5F49BD7665}
	EndGlobalSection
EndGlobal
